
Microsoft Visual Studio Solution File, Format Version 12.00
# Visual Studio Version 17
VisualStudioVersion = 17.5.33516.290
MinimumVisualStudioVersion = 10.0.40219.1
Project("{FAE04EC0-301F-11D3-BF4B-00C04F79EFBC}") = "BasicCorePrograms", "BasicCorePrograms\BasicCorePrograms.csproj", "{7AAA08F0-8CEA-4BB7-B8B0-40028AC68431}"
EndProject
Global
	GlobalSection(SolutionConfigurationPlatforms) = preSolution
		Debug|Any CPU = Debug|Any CPU
		Release|Any CPU = Release|Any CPU
	EndGlobalSection
	GlobalSection(ProjectConfigurationPlatforms) = postSolution
		{7AAA08F0-8CEA-4BB7-B8B0-40028AC68431}.Debug|Any CPU.ActiveCfg = Debug|Any CPU
		{7AAA08F0-8CEA-4BB7-B8B0-40028AC68431}.Debug|Any CPU.Build.0 = Debug|Any CPU
		{7AAA08F0-8CEA-4BB7-B8B0-40028AC68431}.Release|Any CPU.ActiveCfg = Release|Any CPU
		{7AAA08F0-8CEA-4BB7-B8B0-40028AC68431}.Release|Any CPU.Build.0 = Release|Any CPU
	EndGlobalSection
	GlobalSection(SolutionProperties) = preSolution
		HideSolutionNode = FALSE
	EndGlobalSection
	GlobalSection(ExtensibilityGlobals) = postSolution
		SolutionGuid = {EF307AA1-356F-48A6-868E-A9896BF5F4EF}
	EndGlobalSection
EndGlobal
